
Microsoft Visual Studio Solution File, Format Version 12.00
# Visual Studio 15
VisualStudioVersion = 15.0.28307.329
MinimumVisualStudioVersion = 10.0.40219.1
Project("{8BC9CEB8-8B4A-11D0-8D11-00A0C91BC942}") = "Kolejka", "Kolejka\Kolejka.vcxproj", "{BC9B2A8D-033B-4327-9DF9-23B7E1B221C8}"
EndProject
Global
	GlobalSection(SolutionConfigurationPlatforms) = preSolution
		Debug|x64 = Debug|x64
		Debug|x86 = Debug|x86
		Release|x64 = Release|x64
		Release|x86 = Release|x86
	EndGlobalSection
	GlobalSection(ProjectConfigurationPlatforms) = postSolution
		{BC9B2A8D-033B-4327-9DF9-23B7E1B221C8}.Debug|x64.ActiveCfg = Debug|x64
		{BC9B2A8D-033B-4327-9DF9-23B7E1B221C8}.Debug|x64.Build.0 = Debug|x64
		{BC9B2A8D-033B-4327-9DF9-23B7E1B221C8}.Debug|x86.ActiveCfg = Debug|Win32
		{BC9B2A8D-033B-4327-9DF9-23B7E1B221C8}.Debug|x86.Build.0 = Debug|Win32
		{BC9B2A8D-033B-4327-9DF9-23B7E1B221C8}.Release|x64.ActiveCfg = Release|x64
		{BC9B2A8D-033B-4327-9DF9-23B7E1B221C8}.Release|x64.Build.0 = Release|x64
		{BC9B2A8D-033B-4327-9DF9-23B7E1B221C8}.Release|x86.ActiveCfg = Release|Win32
		{BC9B2A8D-033B-4327-9DF9-23B7E1B221C8}.Release|x86.Build.0 = Release|Win32
	EndGlobalSection
	GlobalSection(SolutionProperties) = preSolution
		HideSolutionNode = FALSE
	EndGlobalSection
		SolutionGuid = {D984087E-371C-4584-8327-FD0F862BFF81}
	EndGlobalSection
EndGlobal
